
Microsoft Visual Studio Solution File, Format Version 11.00
# Visual Studio 2010
# SharpDevelop 4.4
Project("{FAE04EC0-301F-11D3-BF4B-00C04F79EFBC}") = "Shutdown_Helper", "Shutdown_Helper\Shutdown_Helper.csproj", "{6E270217-DF50-4F65-9269-348BFCBEC918}"
EndProject
Global
	GlobalSection(SolutionConfigurationPlatforms) = preSolution
		Debug|Any CPU = Debug|Any CPU
		Release|Any CPU = Release|Any CPU
	EndGlobalSection
	GlobalSection(ProjectConfigurationPlatforms) = postSolution
		{6E270217-DF50-4F65-9269-348BFCBEC918}.Debug|Any CPU.Build.0 = Debug|x86
		{6E270217-DF50-4F65-9269-348BFCBEC918}.Debug|Any CPU.ActiveCfg = Debug|x86
		{6E270217-DF50-4F65-9269-348BFCBEC918}.Release|Any CPU.Build.0 = Release|x86
		{6E270217-DF50-4F65-9269-348BFCBEC918}.Release|Any CPU.ActiveCfg = Release|x86
	EndGlobalSection
EndGlobal
